
Microsoft Visual Studio Solution File, Format Version 11.00
# Visual Studio 2010
Project("{002A2DE9-8BB6-484D-9802-7E4AD4084715}") = "aws_wrapd", "aws_wrapd.visualdproj", "{AE6D0C50-E382-442D-B764-6D987BAC2AF8}"
EndProject
Global
	GlobalSection(SolutionConfigurationPlatforms) = preSolution
		Debug|Win32 = Debug|Win32
		Release|Win32 = Release|Win32
	EndGlobalSection
	GlobalSection(ProjectConfigurationPlatforms) = postSolution
		{AE6D0C50-E382-442D-B764-6D987BAC2AF8}.Debug|Win32.ActiveCfg = Debug|Win32
		{AE6D0C50-E382-442D-B764-6D987BAC2AF8}.Debug|Win32.Build.0 = Debug|Win32
		{AE6D0C50-E382-442D-B764-6D987BAC2AF8}.Release|Win32.ActiveCfg = Release|Win32
		{AE6D0C50-E382-442D-B764-6D987BAC2AF8}.Release|Win32.Build.0 = Release|Win32
	EndGlobalSection
	GlobalSection(SolutionProperties) = preSolution
		HideSolutionNode = FALSE
	EndGlobalSection
EndGlobal
